Microsoft Visual Studio Solution File, Format Version 12.00
# Visual Studio 15
VisualStudioVersion = 15.0.26430.14
MinimumVisualStudioVersion = 10.0.40219.1
Project("{8BC9CEB8-8B4A-11D0-8D11-00A0C91BC942}") = "Fluid", "Fluid.vcxproj", "{6D440DFF-DB4E-4A09-8967-1C33B2B3490F}"
	ProjectSection(ProjectDependencies) = postProject
		{92B5BE70-DCAA-40E4-92D8-CC2B95AA28BE} = {92B5BE70-DCAA-40E4-92D8-CC2B95AA28BE}
	EndProjectSection
EndProject
Project("{8BC9CEB8-8B4A-11D0-8D11-00A0C91BC942}") = "cinder", "..\..\cinder\proj\vc2013\cinder.vcxproj", "{92B5BE70-DCAA-40E4-92D8-CC2B95AA28BE}"
EndProject
Global
	GlobalSection(SolutionConfigurationPlatforms) = preSolution
		Fluid Debug|x64 = Fluid Debug|x64
		Fluid Debug|x86 = Fluid Debug|x86
		Fluid Release|x64 = Fluid Release|x64
		Fluid Release|x86 = Fluid Release|x86
		NetworkedFluid Debug|x64 = NetworkedFluid Debug|x64
		NetworkedFluid Debug|x86 = NetworkedFluid Debug|x86
		NetworkedFluid Release|x64 = NetworkedFluid Release|x64
		NetworkedFluid Release|x86 = NetworkedFluid Release|x86
	EndGlobalSection
	GlobalSection(ProjectConfigurationPlatforms) = postSolution
		{6D440DFF-DB4E-4A09-8967-1C33B2B3490F}.Fluid Debug|x64.ActiveCfg = Debug|x64
		{6D440DFF-DB4E-4A09-8967-1C33B2B3490F}.Fluid Debug|x64.Build.0 = Debug|x64
		{6D440DFF-DB4E-4A09-8967-1C33B2B3490F}.Fluid Debug|x86.ActiveCfg = Debug|x64
		{6D440DFF-DB4E-4A09-8967-1C33B2B3490F}.Fluid Release|x64.ActiveCfg = Release|x64
		{6D440DFF-DB4E-4A09-8967-1C33B2B3490F}.Fluid Release|x64.Build.0 = Release|x64
		{6D440DFF-DB4E-4A09-8967-1C33B2B3490F}.Fluid Release|x86.ActiveCfg = Release|x64
		{6D440DFF-DB4E-4A09-8967-1C33B2B3490F}.NetworkedFluid Debug|x64.ActiveCfg = NetworkedFluid Debug|x64
		{6D440DFF-DB4E-4A09-8967-1C33B2B3490F}.NetworkedFluid Debug|x64.Build.0 = NetworkedFluid Debug|x64
		{6D440DFF-DB4E-4A09-8967-1C33B2B3490F}.NetworkedFluid Debug|x86.ActiveCfg = NetworkedFluid Debug|x64
		{6D440DFF-DB4E-4A09-8967-1C33B2B3490F}.NetworkedFluid Release|x64.ActiveCfg = NetworkedFluid Release|x64
		{6D440DFF-DB4E-4A09-8967-1C33B2B3490F}.NetworkedFluid Release|x64.Build.0 = NetworkedFluid Release|x64
		{6D440DFF-DB4E-4A09-8967-1C33B2B3490F}.NetworkedFluid Release|x86.ActiveCfg = NetworkedFluid Release|x64
		{92B5BE70-DCAA-40E4-92D8-CC2B95AA28BE}.Fluid Debug|x64.ActiveCfg = Debug|x64
		{92B5BE70-DCAA-40E4-92D8-CC2B95AA28BE}.Fluid Debug|x64.Build.0 = Debug|x64
		{92B5BE70-DCAA-40E4-92D8-CC2B95AA28BE}.Fluid Debug|x86.ActiveCfg = Debug|Win32
		{92B5BE70-DCAA-40E4-92D8-CC2B95AA28BE}.Fluid Debug|x86.Build.0 = Debug|Win32
		{92B5BE70-DCAA-40E4-92D8-CC2B95AA28BE}.Fluid Release|x64.ActiveCfg = Release|x64
		{92B5BE70-DCAA-40E4-92D8-CC2B95AA28BE}.Fluid Release|x64.Build.0 = Release|x64
		{92B5BE70-DCAA-40E4-92D8-CC2B95AA28BE}.Fluid Release|x86.ActiveCfg = Release|Win32
		{92B5BE70-DCAA-40E4-92D8-CC2B95AA28BE}.Fluid Release|x86.Build.0 = Release|Win32
		{92B5BE70-DCAA-40E4-92D8-CC2B95AA28BE}.NetworkedFluid Debug|x64.ActiveCfg = NetworkedFluid Debug|x64
		{92B5BE70-DCAA-40E4-92D8-CC2B95AA28BE}.NetworkedFluid Debug|x64.Build.0 = NetworkedFluid Debug|x64
		{92B5BE70-DCAA-40E4-92D8-CC2B95AA28BE}.NetworkedFluid Debug|x86.ActiveCfg = NetworkedFluid Debug|Win32
		{92B5BE70-DCAA-40E4-92D8-CC2B95AA28BE}.NetworkedFluid Debug|x86.Build.0 = NetworkedFluid Debug|Win32
		{92B5BE70-DCAA-40E4-92D8-CC2B95AA28BE}.NetworkedFluid Release|x64.ActiveCfg = NetworkedFluid Release|x64
		{92B5BE70-DCAA-40E4-92D8-CC2B95AA28BE}.NetworkedFluid Release|x64.Build.0 = NetworkedFluid Release|x64
		{92B5BE70-DCAA-40E4-92D8-CC2B95AA28BE}.NetworkedFluid Release|x86.ActiveCfg = NetworkedFluid Release|Win32
		{92B5BE70-DCAA-40E4-92D8-CC2B95AA28BE}.NetworkedFluid Release|x86.Build.0 = NetworkedFluid Release|Win32
	EndGlobalSection
	GlobalSection(SolutionProperties) = preSolution
		HideSolutionNode = FALSE
	EndGlobalSection
EndGlobal
