<Project ToolsVersion="4.0" xmlns="http://schemas.microsoft.com/developer/msbuild/2003">
  <ItemGroup>
    <Filter Include="Source Files">
      <UniqueIdentifier>{4FC737F1-C7A5-4376-A066-2A32D752A2FF}</UniqueIdentifier>
      <Extensions>cpp;c;cc;cxx;def;odl;idl;hpj;bat;asm;asmx</Extensions>
    </Filter>
    <Filter Include="Header Files">
      <UniqueIdentifier>{93995380-89BD-4b04-88EB-625FBE52EBFB}</UniqueIdentifier>
      <Extensions>h;hpp;hxx;hm;inl;inc;xsd</Extensions>
    </Filter>
    <Filter Include="Resource Files">
      <UniqueIdentifier>{67DA6AB6-F800-4c08-8B7A-83BB121AAD01}</UniqueIdentifier>
      <Extensions>rc;ico;cur;bmp;dlg;rc2;rct;bin;rgs;gif;jpg;jpeg;jpe;resx;tiff;tif;png;wav</Extensions>
    </Filter>
    <Filter Include="Blocks">
      <UniqueIdentifier>{5B165B77-8347-4316-BD99-5A525B3D7CE4}</UniqueIdentifier>
    </Filter>
    <Filter Include="Blocks\ImGui">
      <UniqueIdentifier>{F8FC5C20-7EC2-4607-8B8E-0DD91502D36D}</UniqueIdentifier>
    </Filter>
    <Filter Include="Blocks\ImGui\include">
      <UniqueIdentifier>{B79919F9-5DFB-4AEE-8E6B-55805105797A}</UniqueIdentifier>
    </Filter>
    <Filter Include="Blocks\ImGui\lib">
      <UniqueIdentifier>{52B615C5-3AF5-4AFF-B51E-55B5483ECE02}</UniqueIdentifier>
    </Filter>
    <Filter Include="Blocks\ImGui\lib\imgui">
      <UniqueIdentifier>{1A06193E-28CA-4E87-BAA2-C8389A32E454}</UniqueIdentifier>
    </Filter>
    <Filter Include="Blocks\ImGui\src">
      <UniqueIdentifier>{76C2CE02-CA01-4BF4-8B80-428B6CDE77FA}</UniqueIdentifier>
    </Filter>
    <Filter Include="Blocks\OSC">
      <UniqueIdentifier>{D4CE31C6-8957-49D4-BE3E-E25CF384FA32}</UniqueIdentifier>
    </Filter>
    <Filter Include="Blocks\OSC\src">
      <UniqueIdentifier>{37D46E35-E689-44F5-AB6D-F9B34BD2A0A1}</UniqueIdentifier>
    </Filter>
    <Filter Include="Blocks\OSC\src\cinder">
      <UniqueIdentifier>{0B306D64-4C17-4032-BB67-FFC0F2BC6AF8}</UniqueIdentifier>
    </Filter>
    <Filter Include="Blocks\OSC\src\cinder\osc">
      <UniqueIdentifier>{5487BF4B-9E0C-4AF8-9496-F26925D3FEE9}</UniqueIdentifier>
    </Filter>
    <Filter Include="Source Files\Time">
      <UniqueIdentifier>{61def112-4929-461a-97bb-af250aae6d0c}</UniqueIdentifier>
    </Filter>
  </ItemGroup>
  <ItemGroup>
    <ClInclude Include="..\include\Resources.h">
      <Filter>Header Files</Filter>
    </ClInclude>
    <ClInclude Include="..\blocks\ImGui\include\CinderImGui.h">
      <Filter>Blocks\ImGui\include</Filter>
    </ClInclude>
    <ClInclude Include="..\blocks\ImGui\lib\imgui\imconfig.h">
      <Filter>Blocks\ImGui\lib\imgui</Filter>
    </ClInclude>
    <ClInclude Include="..\blocks\ImGui\lib\imgui\imgui.h">
      <Filter>Blocks\ImGui\lib\imgui</Filter>
    </ClInclude>
    <ClInclude Include="..\blocks\ImGui\lib\imgui\imgui_internal.h">
      <Filter>Blocks\ImGui\lib\imgui</Filter>
    </ClInclude>
    <ClCompile Include="..\blocks\ImGui\src\CinderImGui.cpp">
      <Filter>Blocks\ImGui\src</Filter>
    </ClCompile>
    <ClCompile Include="..\blocks\ImGui\lib\imgui\imgui.cpp">
      <Filter>Blocks\ImGui\lib\imgui</Filter>
    </ClCompile>
    <ClCompile Include="..\blocks\ImGui\lib\imgui\imgui_draw.cpp">
      <Filter>Blocks\ImGui\lib\imgui</Filter>
    </ClCompile>
    <ClCompile Include="..\blocks\ImGui\lib\imgui\imgui_demo.cpp">
      <Filter>Blocks\ImGui\lib\imgui</Filter>
    </ClCompile>
    <ClCompile Include="..\blocks\OSC\src\cinder\osc\Osc.cpp">
      <Filter>Blocks\OSC\src\cinder\osc</Filter>
    </ClCompile>
    <ClInclude Include="..\blocks\OSC\src\cinder\osc\Osc.h">
      <Filter>Blocks\OSC\src\cinder\osc</Filter>
    </ClInclude>
    <ClCompile Include="..\src\Time\Force.cxx">
      <Filter>Source Files\Time</Filter>
    </ClCompile>
    <ClCompile Include="..\src\Time\OSCChannel.cxx">
      <Filter>Source Files\Time</Filter>
    </ClCompile>
    <ClCompile Include="..\src\Time\Property.cxx">
      <Filter>Source Files\Time</Filter>
    </ClCompile>
    <ClCompile Include="..\src\Time\Sequencer.cxx">
      <Filter>Source Files\Time</Filter>
    </ClCompile>
    <ClCompile Include="..\src\FlowField.cxx">
      <Filter>Source Files</Filter>
    </ClCompile>
    <ClCompile Include="..\src\Fluid.cxx">
      <Filter>Source Files</Filter>
    </ClCompile>
    <ClCompile Include="..\src\FluidApp.cxx">
      <Filter>Source Files</Filter>
    </ClCompile>
    <ClCompile Include="..\src\ImageSequence.cxx">
      <Filter>Source Files</Filter>
    </ClCompile>
    <ClCompile Include="..\src\ParticleSystem.cxx">
      <Filter>Source Files</Filter>
    </ClCompile>
    <ClCompile Include="..\src\PingPongBuffer.cxx">
      <Filter>Source Files</Filter>
    </ClCompile>
    <ClCompile Include="..\src\RotaryEncoders.cxx">
      <Filter>Source Files</Filter>
    </ClCompile>
    <ClCompile Include="Precompiled.cxx">
      <Filter>Header Files</Filter>
    </ClCompile>
  </ItemGroup>
  <ItemGroup>
    <ClInclude Include="..\include\Resources.h">
      <Filter>Header Files</Filter>
    </ClInclude>
    <ClInclude Include="..\src\Time\Force.h">
      <Filter>Source Files\Time</Filter>
    </ClInclude>
    <ClInclude Include="..\src\Time\OSCChannel.h">
      <Filter>Source Files\Time</Filter>
    </ClInclude>
    <ClInclude Include="..\src\Time\Property.h">
      <Filter>Source Files\Time</Filter>
    </ClInclude>
    <ClInclude Include="..\src\Time\Sequencer.h">
      <Filter>Source Files\Time</Filter>
    </ClInclude>
    <ClInclude Include="..\src\FlowField.h">
      <Filter>Source Files</Filter>
    </ClInclude>
    <ClInclude Include="..\src\Fluid.h">
      <Filter>Source Files</Filter>
    </ClInclude>
    <ClInclude Include="..\src\FluidApp.h">
      <Filter>Source Files</Filter>
    </ClInclude>
    <ClInclude Include="..\src\ImageSequence.h">
      <Filter>Source Files</Filter>
    </ClInclude>
    <ClInclude Include="..\src\ParticleSystem.h">
      <Filter>Source Files</Filter>
    </ClInclude>
    <ClInclude Include="..\src\PingPongBuffer.h">
      <Filter>Source Files</Filter>
    </ClInclude>
    <ClInclude Include="..\src\RotaryEncoders.h">
      <Filter>Source Files</Filter>
    </ClInclude>
  </ItemGroup>
  <ItemGroup>
    <ResourceCompile Include="Resources.rc">
      <Filter>Resource Files</Filter>
    </ResourceCompile>
  </ItemGroup>
  <ItemGroup>
    <None Include="Precompiled.pch">
      <Filter>Header Files</Filter>
    </None>
  </ItemGroup>
</Project>